// !$*UTF8*$!
{
	archiveVersion = 1;
	classes = {
	};
	objectVersion = 48;
	objects = {

/* Begin PBXBuildFile section */
		E6527BDF1FE829F00000D4F6 /* Graph.swift in Sources */ = {isa = PBXBuildFile; fileRef = E6527BDE1FE829F00000D4F6 /* Graph.swift */; };
		E6527BE11FE82BC40000D4F6 /* Utility.swift in Sources */ = {isa = PBXBuildFile; fileRef = E6527BE01FE82BC40000D4F6 /* Utility.swift */; };
		E6527BE31FE82BF30000D4F6 /* WeightedGraphAnimator.swift in Sources */ = {isa = PBXBuildFile; fileRef = E6527BE21FE82BF30000D4F6 /* WeightedGraphAnimator.swift */; };
		E6527BE61FE831CC0000D4F6 /* TouchVelocityTracker.swift in Sources */ = {isa = PBXBuildFile; fileRef = E6527BE41FE831C80000D4F6 /* TouchVelocityTracker.swift */; };
		E6527BE81FE831F40000D4F6 /* UIMultiPanGestureRecognizer.swift in Sources */ = {isa = PBXBuildFile; fileRef = E6527BE71FE831F40000D4F6 /* UIMultiPanGestureRecognizer.swift */; };
		E6527BEA1FE833610000D4F6 /* WeightedGraphPresenter.swift in Sources */ = {isa = PBXBuildFile; fileRef = E6527BE91FE833610000D4F6 /* WeightedGraphPresenter.swift */; };
		E6527BEC1FE833DE0000D4F6 /* GraphWeightView.swift in Sources */ = {isa = PBXBuildFile; fileRef = E6527BEB1FE833DE0000D4F6 /* GraphWeightView.swift */; };
		E673A7AD1FE828970089DC57 /* Graphite.framework in Frameworks */ = {isa = PBXBuildFile; fileRef = E673A7A31FE828970089DC57 /* Graphite.framework */; };
		E673A7B21FE828970089DC57 /* GraphiteTests.swift in Sources */ = {isa = PBXBuildFile; fileRef = E673A7B11FE828970089DC57 /* GraphiteTests.swift */; };
		E673A7B41FE828970089DC57 /* Graphite.h in Headers */ = {isa = PBXBuildFile; fileRef = E673A7A61FE828970089DC57 /* Graphite.h */; settings = {ATTRIBUTES = (Public, ); }; };
		E673A7BE1FE829280089DC57 /* WeightedGraphSimulator.swift in Sources */ = {isa = PBXBuildFile; fileRef = E673A7BD1FE829280089DC57 /* WeightedGraphSimulator.swift */; };
/* End PBXBuildFile section */

/* Begin PBXContainerItemProxy section */
		E673A7AE1FE828970089DC57 /* PBXContainerItemProxy */ = {
			isa = PBXContainerItemProxy;
			containerPortal = E673A79A1FE828970089DC57 /* Project object */;
			proxyType = 1;
			remoteGlobalIDString = E673A7A21FE828970089DC57;
			remoteInfo = Graphite;
		};
/* End PBXContainerItemProxy section */

/* Begin PBXFileReference section */
		E6527BDE1FE829F00000D4F6 /* Graph.swift */ = {isa = PBXFileReference; lastKnownFileType = sourcecode.swift; path = Graph.swift; sourceTree = "<group>"; };
		E6527BE01FE82BC40000D4F6 /* Utility.swift */ = {isa = PBXFileReference; lastKnownFileType = sourcecode.swift; path = Utility.swift; sourceTree = "<group>"; };
		E6527BE21FE82BF30000D4F6 /* WeightedGraphAnimator.swift */ = {isa = PBXFileReference; lastKnownFileType = sourcecode.swift; path = WeightedGraphAnimator.swift; sourceTree = "<group>"; };
		E6527BE41FE831C80000D4F6 /* TouchVelocityTracker.swift */ = {isa = PBXFileReference; lastKnownFileType = sourcecode.swift; path = TouchVelocityTracker.swift; sourceTree = "<group>"; };
		E6527BE71FE831F40000D4F6 /* UIMultiPanGestureRecognizer.swift */ = {isa = PBXFileReference; lastKnownFileType = sourcecode.swift; path = UIMultiPanGestureRecognizer.swift; sourceTree = "<group>"; };
		E6527BE91FE833610000D4F6 /* WeightedGraphPresenter.swift */ = {isa = PBXFileReference; lastKnownFileType = sourcecode.swift; path = WeightedGraphPresenter.swift; sourceTree = "<group>"; };
		E6527BEB1FE833DE0000D4F6 /* GraphWeightView.swift */ = {isa = PBXFileReference; lastKnownFileType = sourcecode.swift; path = GraphWeightView.swift; sourceTree = "<group>"; };
		E673A7A31FE828970089DC57 /* Graphite.framework */ = {isa = PBXFileReference; explicitFileType = wrapper.framework; includeInIndex = 0; path = Graphite.framework; sourceTree = BUILT_PRODUCTS_DIR; };
		E673A7A61FE828970089DC57 /* Graphite.h */ = {isa = PBXFileReference; lastKnownFileType = sourcecode.c.h; path = Graphite.h; sourceTree = "<group>"; };
		E673A7A71FE828970089DC57 /* Info.plist */ = {isa = PBXFileReference; lastKnownFileType = text.plist.xml; path = Info.plist; sourceTree = "<group>"; };
		E673A7AC1FE828970089DC57 /* GraphiteTests.xctest */ = {isa = PBXFileReference; explicitFileType = wrapper.cfbundle; includeInIndex = 0; path = GraphiteTests.xctest; sourceTree = BUILT_PRODUCTS_DIR; };
		E673A7B11FE828970089DC57 /* GraphiteTests.swift */ = {isa = PBXFileReference; lastKnownFileType = sourcecode.swift; path = GraphiteTests.swift; sourceTree = "<group>"; };
		E673A7B31FE828970089DC57 /* Info.plist */ = {isa = PBXFileReference; lastKnownFileType = text.plist.xml; path = Info.plist; sourceTree = "<group>"; };
		E673A7BD1FE829280089DC57 /* WeightedGraphSimulator.swift */ = {isa = PBXFileReference; lastKnownFileType = sourcecode.swift; path = WeightedGraphSimulator.swift; sourceTree = "<group>"; };
/* End PBXFileReference section */

/* Begin PBXFrameworksBuildPhase section */
		E673A79F1FE828970089DC57 /* Frameworks */ = {
			isa = PBXFrameworksBuildPhase;
			buildActionMask = 2147483647;
			files = (
			);
			runOnlyForDeploymentPostprocessing = 0;
		};
		E673A7A91FE828970089DC57 /* Frameworks */ = {
			isa = PBXFrameworksBuildPhase;
			buildActionMask = 2147483647;
			files = (
				E673A7AD1FE828970089DC57 /* Graphite.framework in Frameworks */,
			);
			runOnlyForDeploymentPostprocessing = 0;
		};
/* End PBXFrameworksBuildPhase section */

/* Begin PBXGroup section */
		E673A7991FE828970089DC57 = {
			isa = PBXGroup;
			children = (
				E673A7A51FE828970089DC57 /* Graphite */,
				E673A7B01FE828970089DC57 /* GraphiteTests */,
				E673A7A41FE828970089DC57 /* Products */,
			);
			sourceTree = "<group>";
		};
		E673A7A41FE828970089DC57 /* Products */ = {
			isa = PBXGroup;
			children = (
				E673A7A31FE828970089DC57 /* Graphite.framework */,
				E673A7AC1FE828970089DC57 /* GraphiteTests.xctest */,
			);
			name = Products;
			sourceTree = "<group>";
		};
		E673A7A51FE828970089DC57 /* Graphite */ = {
			isa = PBXGroup;
			children = (
				E673A7A61FE828970089DC57 /* Graphite.h */,
				E673A7A71FE828970089DC57 /* Info.plist */,
				E6527BDE1FE829F00000D4F6 /* Graph.swift */,
				E673A7BD1FE829280089DC57 /* WeightedGraphSimulator.swift */,
				E6527BE21FE82BF30000D4F6 /* WeightedGraphAnimator.swift */,
				E6527BE41FE831C80000D4F6 /* TouchVelocityTracker.swift */,
				E6527BE71FE831F40000D4F6 /* UIMultiPanGestureRecognizer.swift */,
				E6527BE01FE82BC40000D4F6 /* Utility.swift */,
				E6527BE91FE833610000D4F6 /* WeightedGraphPresenter.swift */,
				E6527BEB1FE833DE0000D4F6 /* GraphWeightView.swift */,
			);
			path = Graphite;
			sourceTree = "<group>";
		};
		E673A7B01FE828970089DC57 /* GraphiteTests */ = {
			isa = PBXGroup;
			children = (
				E673A7B11FE828970089DC57 /* GraphiteTests.swift */,
				E673A7B31FE828970089DC57 /* Info.plist */,
			);
			path = GraphiteTests;
			sourceTree = "<group>";
		};
/* End PBXGroup section */

/* Begin PBXHeadersBuildPhase section */
		E673A7A01FE828970089DC57 /* Headers */ = {
			isa = PBXHeadersBuildPhase;
			buildActionMask = 2147483647;
			files = (
				E673A7B41FE828970089DC57 /* Graphite.h in Headers */,
			);
			runOnlyForDeploymentPostprocessing = 0;
		};
/* End PBXHeadersBuildPhase section */

/* Begin PBXNativeTarget section */
		E673A7A21FE828970089DC57 /* Graphite */ = {
			isa = PBXNativeTarget;
			buildConfigurationList = E673A7B71FE828970089DC57 /* Build configuration list for PBXNativeTarget "Graphite" */;
			buildPhases = (
				E673A79E1FE828970089DC57 /* Sources */,
				E673A79F1FE828970089DC57 /* Frameworks */,
				E673A7A01FE828970089DC57 /* Headers */,
				E673A7A11FE828970089DC57 /* Resources */,
			);
			buildRules = (
			);
			dependencies = (
			);
			name = Graphite;
			productName = Graphite;
			productReference = E673A7A31FE828970089DC57 /* Graphite.framework */;
			productType = "com.apple.product-type.framework";
		};
		E673A7AB1FE828970089DC57 /* GraphiteTests */ = {
			isa = PBXNativeTarget;
			buildConfigurationList = E673A7BA1FE828970089DC57 /* Build configuration list for PBXNativeTarget "GraphiteTests" */;
			buildPhases = (
				E673A7A81FE828970089DC57 /* Sources */,
				E673A7A91FE828970089DC57 /* Frameworks */,
				E673A7AA1FE828970089DC57 /* Resources */,
			);
			buildRules = (
			);
			dependencies = (
				E673A7AF1FE828970089DC57 /* PBXTargetDependency */,
			);
			name = GraphiteTests;
			productName = GraphiteTests;
			productReference = E673A7AC1FE828970089DC57 /* GraphiteTests.xctest */;
			productType = "com.apple.product-type.bundle.unit-test";
		};
/* End PBXNativeTarget section */

/* Begin PBXProject section */
		E673A79A1FE828970089DC57 /* Project object */ = {
			isa = PBXProject;
			attributes = {
				LastSwiftUpdateCheck = 0920;
				LastUpgradeCheck = 0920;
				ORGANIZATIONNAME = "Palle Klewitz";
				TargetAttributes = {
					E673A7A21FE828970089DC57 = {
						CreatedOnToolsVersion = 9.2;
						LastSwiftMigration = 0920;
						ProvisioningStyle = Automatic;
					};
					E673A7AB1FE828970089DC57 = {
						CreatedOnToolsVersion = 9.2;
						ProvisioningStyle = Automatic;
					};
				};
			};
			buildConfigurationList = E673A79D1FE828970089DC57 /* Build configuration list for PBXProject "Graphite" */;
			compatibilityVersion = "Xcode 8.0";
			developmentRegion = en;
			hasScannedForEncodings = 0;
			knownRegions = (
				en,
			);
			mainGroup = E673A7991FE828970089DC57;
			productRefGroup = E673A7A41FE828970089DC57 /* Products */;
			projectDirPath = "";
			projectRoot = "";
			targets = (
				E673A7A21FE828970089DC57 /* Graphite */,
				E673A7AB1FE828970089DC57 /* GraphiteTests */,
			);
		};
/* End PBXProject section */

/* Begin PBXResourcesBuildPhase section */
		E673A7A11FE828970089DC57 /* Resources */ = {
			isa = PBXResourcesBuildPhase;
			buildActionMask = 2147483647;
			files = (
			);
			runOnlyForDeploymentPostprocessing = 0;
		};
		E673A7AA1FE828970089DC57 /* Resources */ = {
			isa = PBXResourcesBuildPhase;
			buildActionMask = 2147483647;
			files = (
			);
			runOnlyForDeploymentPostprocessing = 0;
		};
/* End PBXResourcesBuildPhase section */

/* Begin PBXSourcesBuildPhase section */
		E673A79E1FE828970089DC57 /* Sources */ = {
			isa = PBXSourcesBuildPhase;
			buildActionMask = 2147483647;
			files = (
				E6527BE31FE82BF30000D4F6 /* WeightedGraphAnimator.swift in Sources */,
				E6527BE81FE831F40000D4F6 /* UIMultiPanGestureRecognizer.swift in Sources */,
				E6527BDF1FE829F00000D4F6 /* Graph.swift in Sources */,
				E673A7BE1FE829280089DC57 /* WeightedGraphSimulator.swift in Sources */,
				E6527BEA1FE833610000D4F6 /* WeightedGraphPresenter.swift in Sources */,
				E6527BEC1FE833DE0000D4F6 /* GraphWeightView.swift in Sources */,
				E6527BE61FE831CC0000D4F6 /* TouchVelocityTracker.swift in Sources */,
				E6527BE11FE82BC40000D4F6 /* Utility.swift in Sources */,
			);
			runOnlyForDeploymentPostprocessing = 0;
		};
		E673A7A81FE828970089DC57 /* Sources */ = {
			isa = PBXSourcesBuildPhase;
			buildActionMask = 2147483647;
			files = (
				E673A7B21FE828970089DC57 /* GraphiteTests.swift in Sources */,
			);
			runOnlyForDeploymentPostprocessing = 0;
		};
/* End PBXSourcesBuildPhase section */

/* Begin PBXTargetDependency section */
		E673A7AF1FE828970089DC57 /* PBXTargetDependency */ = {
			isa = PBXTargetDependency;
			target = E673A7A21FE828970089DC57 /* Graphite */;
			targetProxy = E673A7AE1FE828970089DC57 /* PBXContainerItemProxy */;
		};
/* End PBXTargetDependency section */

/* Begin XCBuildConfiguration section */
		E673A7B51FE828970089DC57 /* Debug */ = {
			isa = XCBuildConfiguration;
			buildSettings = {
				ALWAYS_SEARCH_USER_PATHS = NO;
				CLANG_ANALYZER_NONNULL = YES;
				CLANG_ANALYZER_NUMBER_OBJECT_CONVERSION = YES_AGGRESSIVE;
				CLANG_CXX_LANGUAGE_STANDARD = "gnu++14";
				CLANG_CXX_LIBRARY = "libc++";
				CLANG_ENABLE_MODULES = YES;
				CLANG_ENABLE_OBJC_ARC = YES;
				CLANG_WARN_BLOCK_CAPTURE_AUTORELEASING = YES;
				CLANG_WARN_BOOL_CONVERSION = YES;
				CLANG_WARN_COMMA = YES;
				CLANG_WARN_CONSTANT_CONVERSION = YES;
				CLANG_WARN_DIRECT_OBJC_ISA_USAGE = YES_ERROR;
				CLANG_WARN_DOCUMENTATION_COMMENTS = YES;
				CLANG_WARN_EMPTY_BODY = YES;
				CLANG_WARN_ENUM_CONVERSION = YES;
				CLANG_WARN_INFINITE_RECURSION = YES;
				CLANG_WARN_INT_CONVERSION = YES;
				CLANG_WARN_NON_LITERAL_NULL_CONVERSION = YES;
				CLANG_WARN_OBJC_LITERAL_CONVERSION = YES;
				CLANG_WARN_OBJC_ROOT_CLASS = YES_ERROR;
				CLANG_WARN_RANGE_LOOP_ANALYSIS = YES;
				CLANG_WARN_STRICT_PROTOTYPES = YES;
				CLANG_WARN_SUSPICIOUS_MOVE = YES;
				CLANG_WARN_UNGUARDED_AVAILABILITY = YES_AGGRESSIVE;
				CLANG_WARN_UNREACHABLE_CODE = YES;
				CLANG_WARN__DUPLICATE_METHOD_MATCH = YES;
				CODE_SIGN_IDENTITY = "iPhone Developer";
				COPY_PHASE_STRIP = NO;
				CURRENT_PROJECT_VERSION = 1;
				DEBUG_INFORMATION_FORMAT = dwarf;
				ENABLE_STRICT_OBJC_MSGSEND = YES;
				ENABLE_TESTABILITY = YES;
				GCC_C_LANGUAGE_STANDARD = gnu11;
				GCC_DYNAMIC_NO_PIC = NO;
				GCC_NO_COMMON_BLOCKS = YES;
				GCC_OPTIMIZATION_LEVEL = 0;
				GCC_PREPROCESSOR_DEFINITIONS = (
					"DEBUG=1",
					"$(inherited)",
				);
				GCC_WARN_64_TO_32_BIT_CONVERSION = YES;
				GCC_WARN_ABOUT_RETURN_TYPE = YES_ERROR;
				GCC_WARN_UNDECLARED_SELECTOR = YES;
				GCC_WARN_UNINITIALIZED_AUTOS = YES_AGGRESSIVE;
				GCC_WARN_UNUSED_FUNCTION = YES;
				GCC_WARN_UNUSED_VARIABLE = YES;
				IPHONEOS_DEPLOYMENT_TARGET = 11.2;
				MTL_ENABLE_DEBUG_INFO = YES;
				ONLY_ACTIVE_ARCH = YES;
				SDKROOT = iphoneos;
				SWIFT_ACTIVE_COMPILATION_CONDITIONS = DEBUG;
				SWIFT_OPTIMIZATION_LEVEL = "-Onone";
				VERSIONING_SYSTEM = "apple-generic";
				VERSION_INFO_PREFIX = "";
			};
			name = Debug;
		};
		E673A7B61FE828970089DC57 /* Release */ = {
			isa = XCBuildConfiguration;
			buildSettings = {
				ALWAYS_SEARCH_USER_PATHS = NO;
				CLANG_ANALYZER_NONNULL = YES;
				CLANG_ANALYZER_NUMBER_OBJECT_CONVERSION = YES_AGGRESSIVE;
				CLANG_CXX_LANGUAGE_STANDARD = "gnu++14";
				CLANG_CXX_LIBRARY = "libc++";
				CLANG_ENABLE_MODULES = YES;
				CLANG_ENABLE_OBJC_ARC = YES;
				CLANG_WARN_BLOCK_CAPTURE_AUTORELEASING = YES;
				CLANG_WARN_BOOL_CONVERSION = YES;
				CLANG_WARN_COMMA = YES;
				CLANG_WARN_CONSTANT_CONVERSION = YES;
				CLANG_WARN_DIRECT_OBJC_ISA_USAGE = YES_ERROR;
				CLANG_WARN_DOCUMENTATION_COMMENTS = YES;
				CLANG_WARN_EMPTY_BODY = YES;
				CLANG_WARN_ENUM_CONVERSION = YES;
				CLANG_WARN_INFINITE_RECURSION = YES;
				CLANG_WARN_INT_CONVERSION = YES;
				CLANG_WARN_NON_LITERAL_NULL_CONVERSION = YES;
				CLANG_WARN_OBJC_LITERAL_CONVERSION = YES;
				CLANG_WARN_OBJC_ROOT_CLASS = YES_ERROR;
				CLANG_WARN_RANGE_LOOP_ANALYSIS = YES;
				CLANG_WARN_STRICT_PROTOTYPES = YES;
				CLANG_WARN_SUSPICIOUS_MOVE = YES;
				CLANG_WARN_UNGUARDED_AVAILABILITY = YES_AGGRESSIVE;
				CLANG_WARN_UNREACHABLE_CODE = YES;
				CLANG_WARN__DUPLICATE_METHOD_MATCH = YES;
				CODE_SIGN_IDENTITY = "iPhone Developer";
				COPY_PHASE_STRIP = NO;
				CURRENT_PROJECT_VERSION = 1;
				DEBUG_INFORMATION_FORMAT = "dwarf-with-dsym";
				ENABLE_NS_ASSERTIONS = NO;
				ENABLE_STRICT_OBJC_MSGSEND = YES;
				GCC_C_LANGUAGE_STANDARD = gnu11;
				GCC_NO_COMMON_BLOCKS = YES;
				GCC_WARN_64_TO_32_BIT_CONVERSION = YES;
				GCC_WARN_ABOUT_RETURN_TYPE = YES_ERROR;
				GCC_WARN_UNDECLARED_SELECTOR = YES;
				GCC_WARN_UNINITIALIZED_AUTOS = YES_AGGRESSIVE;
				GCC_WARN_UNUSED_FUNCTION = YES;
				GCC_WARN_UNUSED_VARIABLE = YES;
				IPHONEOS_DEPLOYMENT_TARGET = 11.2;
				MTL_ENABLE_DEBUG_INFO = NO;
				SDKROOT = iphoneos;
				SWIFT_OPTIMIZATION_LEVEL = "-Owholemodule";
				VALIDATE_PRODUCT = YES;
				VERSIONING_SYSTEM = "apple-generic";
				VERSION_INFO_PREFIX = "";
			};
			name = Release;
		};
		E673A7B81FE828970089DC57 /* Debug */ = {
			isa = XCBuildConfiguration;
			buildSettings = {
				CLANG_ENABLE_MODULES = YES;
				CODE_SIGN_IDENTITY = "";
				CODE_SIGN_STYLE = Automatic;
				DEFINES_MODULE = YES;
				DEVELOPMENT_TEAM = BPTAR52LQF;
				DYLIB_COMPATIBILITY_VERSION = 1;
				DYLIB_CURRENT_VERSION = 1;
				DYLIB_INSTALL_NAME_BASE = "@rpath";
				INFOPLIST_FILE = Graphite/Info.plist;
				INSTALL_PATH = "$(LOCAL_LIBRARY_DIR)/Frameworks";
				LD_RUNPATH_SEARCH_PATHS = "$(inherited) @executable_path/Frameworks @loader_path/Frameworks";
				PRODUCT_BUNDLE_IDENTIFIER = com.palleklewitz.Graphite;
				PRODUCT_NAME = "$(TARGET_NAME:c99extidentifier)";
				SKIP_INSTALL = YES;
				SWIFT_OPTIMIZATION_LEVEL = "-Onone";
				SWIFT_VERSION = 4.0;
				TARGETED_DEVICE_FAMILY = "1,2";
			};
			name = Debug;
		};
		E673A7B91FE828970089DC57 /* Release */ = {
			isa = XCBuildConfiguration;
			buildSettings = {
				CLANG_ENABLE_MODULES = YES;
				CODE_SIGN_IDENTITY = "";
				CODE_SIGN_STYLE = Automatic;
				DEFINES_MODULE = YES;
				DEVELOPMENT_TEAM = BPTAR52LQF;
				DYLIB_COMPATIBILITY_VERSION = 1;
				DYLIB_CURRENT_VERSION = 1;
				DYLIB_INSTALL_NAME_BASE = "@rpath";
				INFOPLIST_FILE = Graphite/Info.plist;
				INSTALL_PATH = "$(LOCAL_LIBRARY_DIR)/Frameworks";
				LD_RUNPATH_SEARCH_PATHS = "$(inherited) @executable_path/Frameworks @loader_path/Frameworks";
				PRODUCT_BUNDLE_IDENTIFIER = com.palleklewitz.Graphite;
				PRODUCT_NAME = "$(TARGET_NAME:c99extidentifier)";
				SKIP_INSTALL = YES;
				SWIFT_VERSION = 4.0;
				TARGETED_DEVICE_FAMILY = "1,2";
			};
			name = Release;
		};
		E673A7BB1FE828970089DC57 /* Debug */ = {
			isa = XCBuildConfiguration;
			buildSettings = {
				ALWAYS_EMBED_SWIFT_STANDARD_LIBRARIES = YES;
				CODE_SIGN_STYLE = Automatic;
				DEVELOPMENT_TEAM = BPTAR52LQF;
				INFOPLIST_FILE = GraphiteTests/Info.plist;
				LD_RUNPATH_SEARCH_PATHS = "$(inherited) @executable_path/Frameworks @loader_path/Frameworks";
				PRODUCT_BUNDLE_IDENTIFIER = com.palleklewitz.GraphiteTests;
				PRODUCT_NAME = "$(TARGET_NAME)";
				SWIFT_VERSION = 4.0;
				TARGETED_DEVICE_FAMILY = "1,2";
			};
			name = Debug;
		};
		E673A7BC1FE828970089DC57 /* Release */ = {
			isa = XCBuildConfiguration;
			buildSettings = {
				ALWAYS_EMBED_SWIFT_STANDARD_LIBRARIES = YES;
				CODE_SIGN_STYLE = Automatic;
				DEVELOPMENT_TEAM = BPTAR52LQF;
				INFOPLIST_FILE = GraphiteTests/Info.plist;
				LD_RUNPATH_SEARCH_PATHS = "$(inherited) @executable_path/Frameworks @loader_path/Frameworks";
				PRODUCT_BUNDLE_IDENTIFIER = com.palleklewitz.GraphiteTests;
				PRODUCT_NAME = "$(TARGET_NAME)";
				SWIFT_VERSION = 4.0;
				TARGETED_DEVICE_FAMILY = "1,2";
			};
			name = Release;
		};
/* End XCBuildConfiguration section */

/* Begin XCConfigurationList section */
		E673A79D1FE828970089DC57 /* Build configuration list for PBXProject "Graphite" */ = {
			isa = XCConfigurationList;
			buildConfigurations = (
				E673A7B51FE828970089DC57 /* Debug */,
				E673A7B61FE828970089DC57 /* Release */,
			);
			defaultConfigurationIsVisible = 0;
			defaultConfigurationName = Release;
		};
		E673A7B71FE828970089DC57 /* Build configuration list for PBXNativeTarget "Graphite" */ = {
			isa = XCConfigurationList;
			buildConfigurations = (
				E673A7B81FE828970089DC57 /* Debug */,
				E673A7B91FE828970089DC57 /* Release */,
			);
			defaultConfigurationIsVisible = 0;
			defaultConfigurationName = Release;
		};
		E673A7BA1FE828970089DC57 /* Build configuration list for PBXNativeTarget "GraphiteTests" */ = {
			isa = XCConfigurationList;
			buildConfigurations = (
				E673A7BB1FE828970089DC57 /* Debug */,
				E673A7BC1FE828970089DC57 /* Release */,
			);
			defaultConfigurationIsVisible = 0;
			defaultConfigurationName = Release;
		};
/* End XCConfigurationList section */
	};
	rootObject = E673A79A1FE828970089DC57 /* Project object */;
}
